
Microsoft Visual Studio Solution File, Format Version 12.00
# Visual Studio 15
VisualStudioVersion = 15.0.28307.902
MinimumVisualStudioVersion = 10.0.40219.1
Project("{FAE04EC0-301F-11D3-BF4B-00C04F79EFBC}") = "EulerVexation", "EulerVexation\EulerVexation.csproj", "{E090C997-66E3-485F-BA64-3576BB6C3B47}"
EndProject
Global
	GlobalSection(SolutionConfigurationPlatforms) = preSolution
		Debug|Any CPU = Debug|Any CPU
		Release|Any CPU = Release|Any CPU
	EndGlobalSection
	GlobalSection(ProjectConfigurationPlatforms) = postSolution
		{E090C997-66E3-485F-BA64-3576BB6C3B47}.Debug|Any CPU.ActiveCfg = Debug|Any CPU
		{E090C997-66E3-485F-BA64-3576BB6C3B47}.Debug|Any CPU.Build.0 = Debug|Any CPU
		{E090C997-66E3-485F-BA64-3576BB6C3B47}.Release|Any CPU.ActiveCfg = Release|Any CPU
		{E090C997-66E3-485F-BA64-3576BB6C3B47}.Release|Any CPU.Build.0 = Release|Any CPU
	EndGlobalSection
	GlobalSection(SolutionProperties) = preSolution
		HideSolutionNode = FALSE
	EndGlobalSection
	GlobalSection(ExtensibilityGlobals) = postSolution
		SolutionGuid = {23B7DA8A-E7E9-446B-A9EA-0ED79A31D01B}
	EndGlobalSection
EndGlobal
